
Microsoft Visual Studio Solution File, Format Version 12.00
# Visual Studio 14
VisualStudioVersion = 14.0.25420.1
MinimumVisualStudioVersion = 10.0.40219.1
Project("{FAE04EC0-301F-11D3-BF4B-00C04F79EFBC}") = "ImageProcessing_v1", "ImageProcessing_v1.csproj", "{76744E45-0B58-42F1-8A5A-961671376206}"
EndProject
Project("{FAE04EC0-301F-11D3-BF4B-00C04F79EFBC}") = "ImageProcessingModel", "ImageProcessing\ImageProcessingModel.csproj", "{4BD32816-287B-4F08-B635-43A34DA97891}"
EndProject
Project("{FAE04EC0-301F-11D3-BF4B-00C04F79EFBC}") = "MathFunctionModule", "MathFunctionModule\MathFunctionModule.csproj", "{EFFA9FAB-EB8D-4074-8DF0-D6E301D61926}"
EndProject
Project("{FAE04EC0-301F-11D3-BF4B-00C04F79EFBC}") = "ImageProcessingForm", "ImageProcessingForm\ImageProcessingForm.csproj", "{FD4419A0-E3BC-4E12-981D-CE338377A700}"
EndProject
Project("{FAE04EC0-301F-11D3-BF4B-00C04F79EFBC}") = "MathModuleTests", "..\MathModuleTests\MathModuleTests.csproj", "{4FCE1E32-8FF9-449D-948D-895B3B5C23FB}"
EndProject
Project("{FAE04EC0-301F-11D3-BF4B-00C04F79EFBC}") = "ImageProcessingConstants", "..\ImageProcessingConstants\ImageProcessingConstants.csproj", "{4E8D34F1-E33C-41D8-A269-44FE67DA0E23}"
EndProject
Global
	GlobalSection(SolutionConfigurationPlatforms) = preSolution
		Debug|Any CPU = Debug|Any CPU
		Release|Any CPU = Release|Any CPU
	EndGlobalSection
	GlobalSection(ProjectConfigurationPlatforms) = postSolution
		{76744E45-0B58-42F1-8A5A-961671376206}.Debug|Any CPU.ActiveCfg = Debug|Any CPU
		{76744E45-0B58-42F1-8A5A-961671376206}.Debug|Any CPU.Build.0 = Debug|Any CPU
		{76744E45-0B58-42F1-8A5A-961671376206}.Release|Any CPU.ActiveCfg = Release|Any CPU
		{76744E45-0B58-42F1-8A5A-961671376206}.Release|Any CPU.Build.0 = Release|Any CPU
		{4BD32816-287B-4F08-B635-43A34DA97891}.Debug|Any CPU.ActiveCfg = Debug|Any CPU
		{4BD32816-287B-4F08-B635-43A34DA97891}.Debug|Any CPU.Build.0 = Debug|Any CPU
		{4BD32816-287B-4F08-B635-43A34DA97891}.Release|Any CPU.ActiveCfg = Release|Any CPU
		{4BD32816-287B-4F08-B635-43A34DA97891}.Release|Any CPU.Build.0 = Release|Any CPU
		{EFFA9FAB-EB8D-4074-8DF0-D6E301D61926}.Debug|Any CPU.ActiveCfg = Debug|Any CPU
		{EFFA9FAB-EB8D-4074-8DF0-D6E301D61926}.Debug|Any CPU.Build.0 = Debug|Any CPU
		{EFFA9FAB-EB8D-4074-8DF0-D6E301D61926}.Release|Any CPU.ActiveCfg = Release|Any CPU
		{EFFA9FAB-EB8D-4074-8DF0-D6E301D61926}.Release|Any CPU.Build.0 = Release|Any CPU
		{FD4419A0-E3BC-4E12-981D-CE338377A700}.Debug|Any CPU.ActiveCfg = Debug|Any CPU
		{FD4419A0-E3BC-4E12-981D-CE338377A700}.Debug|Any CPU.Build.0 = Debug|Any CPU
		{FD4419A0-E3BC-4E12-981D-CE338377A700}.Release|Any CPU.ActiveCfg = Release|Any CPU
		{FD4419A0-E3BC-4E12-981D-CE338377A700}.Release|Any CPU.Build.0 = Release|Any CPU
		{4FCE1E32-8FF9-449D-948D-895B3B5C23FB}.Debug|Any CPU.ActiveCfg = Debug|Any CPU
		{4FCE1E32-8FF9-449D-948D-895B3B5C23FB}.Debug|Any CPU.Build.0 = Debug|Any CPU
		{4FCE1E32-8FF9-449D-948D-895B3B5C23FB}.Release|Any CPU.ActiveCfg = Release|Any CPU
		{4FCE1E32-8FF9-449D-948D-895B3B5C23FB}.Release|Any CPU.Build.0 = Release|Any CPU
		{4E8D34F1-E33C-41D8-A269-44FE67DA0E23}.Debug|Any CPU.ActiveCfg = Debug|Any CPU
		{4E8D34F1-E33C-41D8-A269-44FE67DA0E23}.Debug|Any CPU.Build.0 = Debug|Any CPU
		{4E8D34F1-E33C-41D8-A269-44FE67DA0E23}.Release|Any CPU.ActiveCfg = Release|Any CPU
		{4E8D34F1-E33C-41D8-A269-44FE67DA0E23}.Release|Any CPU.Build.0 = Release|Any CPU
	EndGlobalSection
	GlobalSection(SolutionProperties) = preSolution
		HideSolutionNode = FALSE
	EndGlobalSection
EndGlobal
